{
  "version": 1,
  "dependencies": {
    "net10.0-windows7.0": {
      "DalamudPackager": {
        "type": "Direct",
        "requested": "[15.0.0, )",
        "resolved": "15.0.0",
        "contentHash": "411vwC8/X8Z/sQ2TI6v3SvOn66xFPeOjFn3Zn+h0d3Ox2t1kFm66AhDvmx/qcMwVrR+Hidxj0dadpQ2dgyXMBQ=="
      },
      "DotNet.ReproducibleBuilds": {
        "type": "Direct",
        "requested": "[1.2.39, )",
        "resolved": "1.2.39",
        "contentHash": "fcFN01tDTIQqDuTwr1jUQK/geofiwjG5DycJQOnC72i1SsLAk1ELe+apBOuZ11UMQG8YKFZG1FgvjZPbqHyatg=="
      },
      "Nefarius.ViGEm.Client": {
        "type": "Direct",
        "requested": "[1.21.256, )",
        "resolved": "1.21.256",
        "contentHash": "VJMO6hkalOZ7YdXTwcR881aTgPZlN7thEs3x6CWE/kEu7SdE5bY7QuDXkR2eqXfPAee4NrxInIAqa45PorpTsA=="
      }
    }
  }
}